
Microsoft Visual Studio Solution File, Format Version 12.00
# Visual Studio Version 17
VisualStudioVersion = 17.0.32126.317
MinimumVisualStudioVersion = 10.0.40219.1
Project("{FAE04EC0-301F-11D3-BF4B-00C04F79EFBC}") = "LB2", "LB2\LB2.csproj", "{E4EF6487-03AE-425A-BD1B-8FF93BAF749B}"
EndProject
Global
	GlobalSection(SolutionConfigurationPlatforms) = preSolution
		Debug|Any CPU = Debug|Any CPU
		Release|Any CPU = Release|Any CPU
	EndGlobalSection
	GlobalSection(ProjectConfigurationPlatforms) = postSolution
		{E4EF6487-03AE-425A-BD1B-8FF93BAF749B}.Debug|Any CPU.ActiveCfg = Debug|Any CPU
		{E4EF6487-03AE-425A-BD1B-8FF93BAF749B}.Debug|Any CPU.Build.0 = Debug|Any CPU
		{E4EF6487-03AE-425A-BD1B-8FF93BAF749B}.Release|Any CPU.ActiveCfg = Release|Any CPU
		{E4EF6487-03AE-425A-BD1B-8FF93BAF749B}.Release|Any CPU.Build.0 = Release|Any CPU
	EndGlobalSection
	GlobalSection(SolutionProperties) = preSolution
		HideSolutionNode = FALSE
	EndGlobalSection
	GlobalSection(ExtensibilityGlobals) = postSolution
		SolutionGuid = {0077709A-4A66-4CC4-B301-51DACC5A2447}
	EndGlobalSection
EndGlobal
